github.com/simonks2016/order_flow_analysis v0.0.0-20251203095155-b44a73060a03 h1:kC37S4zH4AWprUKZe8pClAe8ueh5Mpm8hD0E0fvj/KQ=
github.com/simonks2016/order_flow_analysis v0.0.0-20251203095155-b44a73060a03/go.mod h1:zseu254KHpCLrlQu+OypjxO+etAMQnPcJlRrhNcfPn4=
github.com/simonks2016/sliding_window v0.0.0-20251210054511-5202664bd23a h1:9W3b6023LnDC9tp6ncvqVJea/uI1zeKV/MFh9BamgXQ=
github.com/simonks2016/sliding_window v0.0.0-20251210054511-5202664bd23a/go.mod h1:NvEMU1aQfqF3t4y6WV3jMotXm9b6evmfphJdkGNn7kQ=
